// !$*UTF8*$!
{
	archiveVersion = 1;
	classes = {
	};
	objectVersion = 55;
	objects = {

/* Begin PBXBuildFile section */
		189A888A286F015300B5DDC2 /* AppDelegate.swift in Sources */ = {isa = PBXBuildFile; fileRef = 189A8889286F015300B5DDC2 /* AppDelegate.swift */; };
		189A888C286F015300B5DDC2 /* SceneDelegate.swift in Sources */ = {isa = PBXBuildFile; fileRef = 189A888B286F015300B5DDC2 /* SceneDelegate.swift */; };
		189A888E286F015300B5DDC2 /* ViewController.swift in Sources */ = {isa = PBXBuildFile; fileRef = 189A888D286F015300B5DDC2 /* ViewController.swift */; };
		189A8891286F015300B5DDC2 /* Main.storyboard in Resources */ = {isa = PBXBuildFile; fileRef = 189A888F286F015300B5DDC2 /* Main.storyboard */; };
		189A8893286F015600B5DDC2 /* Assets.xcassets in Resources */ = {isa = PBXBuildFile; fileRef = 189A8892286F015600B5DDC2 /* Assets.xcassets */; };
		189A8896286F015600B5DDC2 /* LaunchScreen.storyboard in Resources */ = {isa = PBXBuildFile; fileRef = 189A8894286F015600B5DDC2 /* LaunchScreen.storyboard */; };
		189A889F2880305900B5DDC2 /* Solana in Frameworks */ = {isa = PBXBuildFile; productRef = 189A889E2880305900B5DDC2 /* Solana */; };
		4E795EE27FE391F0BBDD13FC /* Pods_CICDDemo.framework in Frameworks */ = {isa = PBXBuildFile; fileRef = 2CC3440DA50B74B572471519 /* Pods_CICDDemo.framework */; };
/* End PBXBuildFile section */

/* Begin PBXFileReference section */
		189A8886286F015300B5DDC2 /* CICDDemo.app */ = {isa = PBXFileReference; explicitFileType = wrapper.application; includeInIndex = 0; path = CICDDemo.app; sourceTree = BUILT_PRODUCTS_DIR; };
		189A8889286F015300B5DDC2 /* AppDelegate.swift */ = {isa = PBXFileReference; lastKnownFileType = sourcecode.swift; path = AppDelegate.swift; sourceTree = "<group>"; };
		189A888B286F015300B5DDC2 /* SceneDelegate.swift */ = {isa = PBXFileReference; lastKnownFileType = sourcecode.swift; path = SceneDelegate.swift; sourceTree = "<group>"; };
		189A888D286F015300B5DDC2 /* ViewController.swift */ = {isa = PBXFileReference; lastKnownFileType = sourcecode.swift; path = ViewController.swift; sourceTree = "<group>"; };
		189A8890286F015300B5DDC2 /* Base */ = {isa = PBXFileReference; lastKnownFileType = file.storyboard; name = Base; path = Base.lproj/Main.storyboard; sourceTree = "<group>"; };
		189A8892286F015600B5DDC2 /* Assets.xcassets */ = {isa = PBXFileReference; lastKnownFileType = folder.assetcatalog; path = Assets.xcassets; sourceTree = "<group>"; };
		189A8895286F015600B5DDC2 /* Base */ = {isa = PBXFileReference; lastKnownFileType = file.storyboard; name = Base; path = Base.lproj/LaunchScreen.storyboard; sourceTree = "<group>"; };
		189A8897286F015600B5DDC2 /* Info.plist */ = {isa = PBXFileReference; lastKnownFileType = text.plist.xml; path = Info.plist; sourceTree = "<group>"; };
		2CC3440DA50B74B572471519 /* Pods_CICDDemo.framework */ = {isa = PBXFileReference; explicitFileType = wrapper.framework; includeInIndex = 0; path = Pods_CICDDemo.framework; sourceTree = BUILT_PRODUCTS_DIR; };
		C5D5389C4BDA304D2A381C6D /* Pods-CICDDemo.debug.xcconfig */ = {isa = PBXFileReference; includeInIndex = 1; lastKnownFileType = text.xcconfig; name = "Pods-CICDDemo.debug.xcconfig"; path = "Target Support Files/Pods-CICDDemo/Pods-CICDDemo.debug.xcconfig"; sourceTree = "<group>"; };
		DE7C4AA7DA1757E17B8E78D1 /* Pods-CICDDemo.release.xcconfig */ = {isa = PBXFileReference; includeInIndex = 1; lastKnownFileType = text.xcconfig; name = "Pods-CICDDemo.release.xcconfig"; path = "Target Support Files/Pods-CICDDemo/Pods-CICDDemo.release.xcconfig"; sourceTree = "<group>"; };
/* End PBXFileReference section */

/* Begin PBXFrameworksBuildPhase section */
		189A8883286F015300B5DDC2 /* Frameworks */ = {
			isa = PBXFrameworksBuildPhase;
			buildActionMask = 2147483647;
			files = (
				189A889F2880305900B5DDC2 /* Solana in Frameworks */,
				4E795EE27FE391F0BBDD13FC /* Pods_CICDDemo.framework in Frameworks */,
			);
			runOnlyForDeploymentPostprocessing = 0;
		};
/* End PBXFrameworksBuildPhase section */

/* Begin PBXGroup section */
		0CEF9A9F8C6B4ABB5365030B /* Frameworks */ = {
			isa = PBXGroup;
			children = (
				2CC3440DA50B74B572471519 /* Pods_CICDDemo.framework */,
			);
			name = Frameworks;
			sourceTree = "<group>";
		};
		189A887D286F015300B5DDC2 = {
			isa = PBXGroup;
			children = (
				189A8888286F015300B5DDC2 /* CICDDemo */,
				189A8887286F015300B5DDC2 /* Products */,
				5E3640A5975F9C1DBFD871FB /* Pods */,
				0CEF9A9F8C6B4ABB5365030B /* Frameworks */,
			);
			sourceTree = "<group>";
		};
		189A8887286F015300B5DDC2 /* Products */ = {
			isa = PBXGroup;
			children = (
				189A8886286F015300B5DDC2 /* CICDDemo.app */,
			);
			name = Products;
			sourceTree = "<group>";
		};
		189A8888286F015300B5DDC2 /* CICDDemo */ = {
			isa = PBXGroup;
			children = (
				189A8889286F015300B5DDC2 /* AppDelegate.swift */,
				189A888B286F015300B5DDC2 /* SceneDelegate.swift */,
				189A888D286F015300B5DDC2 /* ViewController.swift */,
				189A888F286F015300B5DDC2 /* Main.storyboard */,
				189A8892286F015600B5DDC2 /* Assets.xcassets */,
				189A8894286F015600B5DDC2 /* LaunchScreen.storyboard */,
				189A8897286F015600B5DDC2 /* Info.plist */,
			);
			path = CICDDemo;
			sourceTree = "<group>";
		};
		5E3640A5975F9C1DBFD871FB /* Pods */ = {
			isa = PBXGroup;
			children = (
				C5D5389C4BDA304D2A381C6D /* Pods-CICDDemo.debug.xcconfig */,
				DE7C4AA7DA1757E17B8E78D1 /* Pods-CICDDemo.release.xcconfig */,
			);
			path = Pods;
			sourceTree = "<group>";
		};
/* End PBXGroup section */

/* Begin PBXNativeTarget section */
		189A8885286F015300B5DDC2 /* CICDDemo */ = {
			isa = PBXNativeTarget;
			buildConfigurationList = 189A889A286F015600B5DDC2 /* Build configuration list for PBXNativeTarget "CICDDemo" */;
			buildPhases = (
				934DB8E25C3AD496D53C9DAE /* [CP] Check Pods Manifest.lock */,
				189A8882286F015300B5DDC2 /* Sources */,
				189A8883286F015300B5DDC2 /* Frameworks */,
				189A8884286F015300B5DDC2 /* Resources */,
				8834018D1507AAEE72AD7CD1 /* [CP] Embed Pods Frameworks */,
			);
			buildRules = (
			);
			dependencies = (
			);
			name = CICDDemo;
			packageProductDependencies = (
				189A889E2880305900B5DDC2 /* Solana */,
			);
			productName = CICDDemo;
			productReference = 189A8886286F015300B5DDC2 /* CICDDemo.app */;
			productType = "com.apple.product-type.application";
		};
/* End PBXNativeTarget section */

/* Begin PBXProject section */
		189A887E286F015300B5DDC2 /* Project object */ = {
			isa = PBXProject;
			attributes = {
				BuildIndependentTargetsInParallel = 1;
				LastSwiftUpdateCheck = 1330;
				LastUpgradeCheck = 1330;
				TargetAttributes = {
					189A8885286F015300B5DDC2 = {
						CreatedOnToolsVersion = 13.3.1;
					};
				};
			};
			buildConfigurationList = 189A8881286F015300B5DDC2 /* Build configuration list for PBXProject "CICDDemo" */;
			compatibilityVersion = "Xcode 13.0";
			developmentRegion = en;
			hasScannedForEncodings = 0;
			knownRegions = (
				en,
				Base,
			);
			mainGroup = 189A887D286F015300B5DDC2;
			packageReferences = (
				189A889D2880305900B5DDC2 /* XCRemoteSwiftPackageReference "Solana" */,
			);
			productRefGroup = 189A8887286F015300B5DDC2 /* Products */;
			projectDirPath = "";
			projectRoot = "";
			targets = (
				189A8885286F015300B5DDC2 /* CICDDemo */,
			);
		};
/* End PBXProject section */

/* Begin PBXResourcesBuildPhase section */
		189A8884286F015300B5DDC2 /* Resources */ = {
			isa = PBXResourcesBuildPhase;
			buildActionMask = 2147483647;
			files = (
				189A8896286F015600B5DDC2 /* LaunchScreen.storyboard in Resources */,
				189A8893286F015600B5DDC2 /* Assets.xcassets in Resources */,
				189A8891286F015300B5DDC2 /* Main.storyboard in Resources */,
			);
			runOnlyForDeploymentPostprocessing = 0;
		};
/* End PBXResourcesBuildPhase section */

/* Begin PBXShellScriptBuildPhase section */
		8834018D1507AAEE72AD7CD1 /* [CP] Embed Pods Frameworks */ = {
			isa = PBXShellScriptBuildPhase;
			buildActionMask = 2147483647;
			files = (
			);
			inputFileListPaths = (
				"${PODS_ROOT}/Target Support Files/Pods-CICDDemo/Pods-CICDDemo-frameworks-${CONFIGURATION}-input-files.xcfilelist",
			);
			name = "[CP] Embed Pods Frameworks";
			outputFileListPaths = (
				"${PODS_ROOT}/Target Support Files/Pods-CICDDemo/Pods-CICDDemo-frameworks-${CONFIGURATION}-output-files.xcfilelist",
			);
			runOnlyForDeploymentPostprocessing = 0;
			shellPath = /bin/sh;
			shellScript = "\"${PODS_ROOT}/Target Support Files/Pods-CICDDemo/Pods-CICDDemo-frameworks.sh\"\n";
			showEnvVarsInLog = 0;
		};
		934DB8E25C3AD496D53C9DAE /* [CP] Check Pods Manifest.lock */ = {
			isa = PBXShellScriptBuildPhase;
			buildActionMask = 2147483647;
			files = (
			);
			inputFileListPaths = (
			);
			inputPaths = (
				"${PODS_PODFILE_DIR_PATH}/Podfile.lock",
				"${PODS_ROOT}/Manifest.lock",
			);
			name = "[CP] Check Pods Manifest.lock";
			outputFileListPaths = (
			);
			outputPaths = (
				"$(DERIVED_FILE_DIR)/Pods-CICDDemo-checkManifestLockResult.txt",
			);
			runOnlyForDeploymentPostprocessing = 0;
			shellPath = /bin/sh;
			shellScript = "diff \"${PODS_PODFILE_DIR_PATH}/Podfile.lock\" \"${PODS_ROOT}/Manifest.lock\" > /dev/null\nif [ $? != 0 ] ; then\n    # print error to STDERR\n    echo \"error: The sandbox is not in sync with the Podfile.lock. Run 'pod install' or update your CocoaPods installation.\" >&2\n    exit 1\nfi\n# This output is used by Xcode 'outputs' to avoid re-running this script phase.\necho \"SUCCESS\" > \"${SCRIPT_OUTPUT_FILE_0}\"\n";
			showEnvVarsInLog = 0;
		};
/* End PBXShellScriptBuildPhase section */

/* Begin PBXSourcesBuildPhase section */
		189A8882286F015300B5DDC2 /* Sources */ = {
			isa = PBXSourcesBuildPhase;
			buildActionMask = 2147483647;
			files = (
				189A888E286F015300B5DDC2 /* ViewController.swift in Sources */,
				189A888A286F015300B5DDC2 /* AppDelegate.swift in Sources */,
				189A888C286F015300B5DDC2 /* SceneDelegate.swift in Sources */,
			);
			runOnlyForDeploymentPostprocessing = 0;
		};
/* End PBXSourcesBuildPhase section */

/* Begin PBXVariantGroup section */
		189A888F286F015300B5DDC2 /* Main.storyboard */ = {
			isa = PBXVariantGroup;
			children = (
				189A8890286F015300B5DDC2 /* Base */,
			);
			name = Main.storyboard;
			sourceTree = "<group>";
		};
		189A8894286F015600B5DDC2 /* LaunchScreen.storyboard */ = {
			isa = PBXVariantGroup;
			children = (
				189A8895286F015600B5DDC2 /* Base */,
			);
			name = LaunchScreen.storyboard;
			sourceTree = "<group>";
		};
/* End PBXVariantGroup section */

/* Begin XCBuildConfiguration section */
		189A8898286F015600B5DDC2 /* Debug */ = {
			isa = XCBuildConfiguration;
			buildSettings = {
				ALWAYS_SEARCH_USER_PATHS = NO;
				CLANG_ANALYZER_NONNULL = YES;
				CLANG_ANALYZER_NUMBER_OBJECT_CONVERSION = YES_AGGRESSIVE;
				CLANG_CXX_LANGUAGE_STANDARD = "gnu++17";
				CLANG_ENABLE_MODULES = YES;
				CLANG_ENABLE_OBJC_ARC = YES;
				CLANG_ENABLE_OBJC_WEAK = YES;
				CLANG_WARN_BLOCK_CAPTURE_AUTORELEASING = YES;
				CLANG_WARN_BOOL_CONVERSION = YES;
				CLANG_WARN_COMMA = YES;
				CLANG_WARN_CONSTANT_CONVERSION = YES;
				CLANG_WARN_DEPRECATED_OBJC_IMPLEMENTATIONS = YES;
				CLANG_WARN_DIRECT_OBJC_ISA_USAGE = YES_ERROR;
				CLANG_WARN_DOCUMENTATION_COMMENTS = YES;
				CLANG_WARN_EMPTY_BODY = YES;
				CLANG_WARN_ENUM_CONVERSION = YES;
				CLANG_WARN_INFINITE_RECURSION = YES;
				CLANG_WARN_INT_CONVERSION = YES;
				CLANG_WARN_NON_LITERAL_NULL_CONVERSION = YES;
				CLANG_WARN_OBJC_IMPLICIT_RETAIN_SELF = YES;
				CLANG_WARN_OBJC_LITERAL_CONVERSION = YES;
				CLANG_WARN_OBJC_ROOT_CLASS = YES_ERROR;
				CLANG_WARN_QUOTED_INCLUDE_IN_FRAMEWORK_HEADER = YES;
				CLANG_WARN_RANGE_LOOP_ANALYSIS = YES;
				CLANG_WARN_STRICT_PROTOTYPES = YES;
				CLANG_WARN_SUSPICIOUS_MOVE = YES;
				CLANG_WARN_UNGUARDED_AVAILABILITY = YES_AGGRESSIVE;
				CLANG_WARN_UNREACHABLE_CODE = YES;
				CLANG_WARN__DUPLICATE_METHOD_MATCH = YES;
				CODE_SIGN_IDENTITY = "Apple Development: Harpal Zala (X824M4C8TJ)";
				CODE_SIGN_STYLE = Manual;
				COPY_PHASE_STRIP = NO;
				DEBUG_INFORMATION_FORMAT = dwarf;
				DEVELOPMENT_TEAM = 83DU8E7GTZ;
				ENABLE_STRICT_OBJC_MSGSEND = YES;
				ENABLE_TESTABILITY = YES;
				GCC_C_LANGUAGE_STANDARD = gnu11;
				GCC_DYNAMIC_NO_PIC = NO;
				GCC_NO_COMMON_BLOCKS = YES;
				GCC_OPTIMIZATION_LEVEL = 0;
				GCC_PREPROCESSOR_DEFINITIONS = (
					"DEBUG=1",
					"$(inherited)",
				);
				GCC_WARN_64_TO_32_BIT_CONVERSION = YES;
				GCC_WARN_ABOUT_RETURN_TYPE = YES_ERROR;
				GCC_WARN_UNDECLARED_SELECTOR = YES;
				GCC_WARN_UNINITIALIZED_AUTOS = YES_AGGRESSIVE;
				GCC_WARN_UNUSED_FUNCTION = YES;
				GCC_WARN_UNUSED_VARIABLE = YES;
				IPHONEOS_DEPLOYMENT_TARGET = 13.0;
				MTL_ENABLE_DEBUG_INFO = INCLUDE_SOURCE;
				MTL_FAST_MATH = YES;
				ONLY_ACTIVE_ARCH = YES;
				SDKROOT = iphoneos;
				SWIFT_ACTIVE_COMPILATION_CONDITIONS = DEBUG;
				SWIFT_OPTIMIZATION_LEVEL = "-Onone";
			};
			name = Debug;
		};
		189A8899286F015600B5DDC2 /* Release */ = {
			isa = XCBuildConfiguration;
			buildSettings = {
				ALWAYS_SEARCH_USER_PATHS = NO;
				CLANG_ANALYZER_NONNULL = YES;
				CLANG_ANALYZER_NUMBER_OBJECT_CONVERSION = YES_AGGRESSIVE;
				CLANG_CXX_LANGUAGE_STANDARD = "gnu++17";
				CLANG_ENABLE_MODULES = YES;
				CLANG_ENABLE_OBJC_ARC = YES;
				CLANG_ENABLE_OBJC_WEAK = YES;
				CLANG_WARN_BLOCK_CAPTURE_AUTORELEASING = YES;
				CLANG_WARN_BOOL_CONVERSION = YES;
				CLANG_WARN_COMMA = YES;
				CLANG_WARN_CONSTANT_CONVERSION = YES;
				CLANG_WARN_DEPRECATED_OBJC_IMPLEMENTATIONS = YES;
				CLANG_WARN_DIRECT_OBJC_ISA_USAGE = YES_ERROR;
				CLANG_WARN_DOCUMENTATION_COMMENTS = YES;
				CLANG_WARN_EMPTY_BODY = YES;
				CLANG_WARN_ENUM_CONVERSION = YES;
				CLANG_WARN_INFINITE_RECURSION = YES;
				CLANG_WARN_INT_CONVERSION = YES;
				CLANG_WARN_NON_LITERAL_NULL_CONVERSION = YES;
				CLANG_WARN_OBJC_IMPLICIT_RETAIN_SELF = YES;
				CLANG_WARN_OBJC_LITERAL_CONVERSION = YES;
				CLANG_WARN_OBJC_ROOT_CLASS = YES_ERROR;
				CLANG_WARN_QUOTED_INCLUDE_IN_FRAMEWORK_HEADER = YES;
				CLANG_WARN_RANGE_LOOP_ANALYSIS = YES;
				CLANG_WARN_STRICT_PROTOTYPES = YES;
				CLANG_WARN_SUSPICIOUS_MOVE = YES;
				CLANG_WARN_UNGUARDED_AVAILABILITY = YES_AGGRESSIVE;
				CLANG_WARN_UNREACHABLE_CODE = YES;
				CLANG_WARN__DUPLICATE_METHOD_MATCH = YES;
				CODE_SIGN_IDENTITY = "Apple Development: Harpal Zala (X824M4C8TJ)";
				CODE_SIGN_STYLE = Manual;
				COPY_PHASE_STRIP = NO;
				DEBUG_INFORMATION_FORMAT = "dwarf-with-dsym";
				DEVELOPMENT_TEAM = 83DU8E7GTZ;
				ENABLE_NS_ASSERTIONS = NO;
				ENABLE_STRICT_OBJC_MSGSEND = YES;
				GCC_C_LANGUAGE_STANDARD = gnu11;
				GCC_NO_COMMON_BLOCKS = YES;
				GCC_WARN_64_TO_32_BIT_CONVERSION = YES;
				GCC_WARN_ABOUT_RETURN_TYPE = YES_ERROR;
				GCC_WARN_UNDECLARED_SELECTOR = YES;
				GCC_WARN_UNINITIALIZED_AUTOS = YES_AGGRESSIVE;
				GCC_WARN_UNUSED_FUNCTION = YES;
				GCC_WARN_UNUSED_VARIABLE = YES;
				IPHONEOS_DEPLOYMENT_TARGET = 13.0;
				MTL_ENABLE_DEBUG_INFO = NO;
				MTL_FAST_MATH = YES;
				SDKROOT = iphoneos;
				SWIFT_COMPILATION_MODE = wholemodule;
				SWIFT_OPTIMIZATION_LEVEL = "-O";
				VALIDATE_PRODUCT = YES;
			};
			name = Release;
		};
		189A889B286F015600B5DDC2 /* Debug */ = {
			isa = XCBuildConfiguration;
			baseConfigurationReference = C5D5389C4BDA304D2A381C6D /* Pods-CICDDemo.debug.xcconfig */;
			buildSettings = {
				ASSETCATALOG_COMPILER_APPICON_NAME = AppIcon;
				ASSETCATALOG_COMPILER_GLOBAL_ACCENT_COLOR_NAME = AccentColor;
				CODE_SIGN_IDENTITY = "Apple Development: Harpal Zala (X824M4C8TJ)";
				CODE_SIGN_STYLE = Manual;
				CURRENT_PROJECT_VERSION = 1;
				DEVELOPMENT_TEAM = 83DU8E7GTZ;
				GENERATE_INFOPLIST_FILE = YES;
				INFOPLIST_FILE = CICDDemo/Info.plist;
				INFOPLIST_KEY_UIApplicationSupportsIndirectInputEvents = YES;
				INFOPLIST_KEY_UILaunchStoryboardName = LaunchScreen;
				INFOPLIST_KEY_UIMainStoryboardFile = Main;
				INFOPLIST_KEY_UISupportedInterfaceOrientations_iPad = "UIInterfaceOrientationPortrait UIInterfaceOrientationPortraitUpsideDown UIInterfaceOrientationLandscapeLeft UIInterfaceOrientationLandscapeRight";
				INFOPLIST_KEY_UISupportedInterfaceOrientations_iPhone = "UIInterfaceOrientationPortrait UIInterfaceOrientationLandscapeLeft UIInterfaceOrientationLandscapeRight";
				LD_RUNPATH_SEARCH_PATHS = (
					"$(inherited)",
					"@executable_path/Frameworks",
				);
				MARKETING_VERSION = 1.0;
				PRODUCT_BUNDLE_IDENTIFIER = com.umoon;
				PRODUCT_NAME = "$(TARGET_NAME)";
				PROVISIONING_PROFILE_SPECIFIER = uMoon_Development;
				SWIFT_EMIT_LOC_STRINGS = YES;
				SWIFT_VERSION = 5.0;
				TARGETED_DEVICE_FAMILY = "1,2";
			};
			name = Debug;
		};
		189A889C286F015600B5DDC2 /* Release */ = {
			isa = XCBuildConfiguration;
			baseConfigurationReference = DE7C4AA7DA1757E17B8E78D1 /* Pods-CICDDemo.release.xcconfig */;
			buildSettings = {
				ASSETCATALOG_COMPILER_APPICON_NAME = AppIcon;
				ASSETCATALOG_COMPILER_GLOBAL_ACCENT_COLOR_NAME = AccentColor;
				CODE_SIGN_IDENTITY = "Apple Development: Harpal Zala (X824M4C8TJ)";
				CODE_SIGN_STYLE = Manual;
				CURRENT_PROJECT_VERSION = 1;
				DEVELOPMENT_TEAM = 83DU8E7GTZ;
				GENERATE_INFOPLIST_FILE = YES;
				INFOPLIST_FILE = CICDDemo/Info.plist;
				INFOPLIST_KEY_UIApplicationSupportsIndirectInputEvents = YES;
				INFOPLIST_KEY_UILaunchStoryboardName = LaunchScreen;
				INFOPLIST_KEY_UIMainStoryboardFile = Main;
				INFOPLIST_KEY_UISupportedInterfaceOrientations_iPad = "UIInterfaceOrientationPortrait UIInterfaceOrientationPortraitUpsideDown UIInterfaceOrientationLandscapeLeft UIInterfaceOrientationLandscapeRight";
				INFOPLIST_KEY_UISupportedInterfaceOrientations_iPhone = "UIInterfaceOrientationPortrait UIInterfaceOrientationLandscapeLeft UIInterfaceOrientationLandscapeRight";
				LD_RUNPATH_SEARCH_PATHS = (
					"$(inherited)",
					"@executable_path/Frameworks",
				);
				MARKETING_VERSION = 1.0;
				PRODUCT_BUNDLE_IDENTIFIER = com.umoon;
				PRODUCT_NAME = "$(TARGET_NAME)";
				PROVISIONING_PROFILE_SPECIFIER = uMoon_Development;
				SWIFT_EMIT_LOC_STRINGS = YES;
				SWIFT_VERSION = 5.0;
				TARGETED_DEVICE_FAMILY = "1,2";
			};
			name = Release;
		};
/* End XCBuildConfiguration section */

/* Begin XCConfigurationList section */
		189A8881286F015300B5DDC2 /* Build configuration list for PBXProject "CICDDemo" */ = {
			isa = XCConfigurationList;
			buildConfigurations = (
				189A8898286F015600B5DDC2 /* Debug */,
				189A8899286F015600B5DDC2 /* Release */,
			);
			defaultConfigurationIsVisible = 0;
			defaultConfigurationName = Release;
		};
		189A889A286F015600B5DDC2 /* Build configuration list for PBXNativeTarget "CICDDemo" */ = {
			isa = XCConfigurationList;
			buildConfigurations = (
				189A889B286F015600B5DDC2 /* Debug */,
				189A889C286F015600B5DDC2 /* Release */,
			);
			defaultConfigurationIsVisible = 0;
			defaultConfigurationName = Release;
		};
/* End XCConfigurationList section */

/* Begin XCRemoteSwiftPackageReference section */
		189A889D2880305900B5DDC2 /* XCRemoteSwiftPackageReference "Solana" */ = {
			isa = XCRemoteSwiftPackageReference;
			repositoryURL = "https://github.com/ajamaica/Solana.Swift";
			requirement = {
				kind = upToNextMajorVersion;
				minimumVersion = 1.0.0;
			};
		};
/* End XCRemoteSwiftPackageReference section */

/* Begin XCSwiftPackageProductDependency section */
		189A889E2880305900B5DDC2 /* Solana */ = {
			isa = XCSwiftPackageProductDependency;
			package = 189A889D2880305900B5DDC2 /* XCRemoteSwiftPackageReference "Solana" */;
			productName = Solana;
		};
/* End XCSwiftPackageProductDependency section */
	};
	rootObject = 189A887E286F015300B5DDC2 /* Project object */;
}
